// !$*UTF8*$!
{
	archiveVersion = 1;
	classes = {
	};
	objectVersion = 56;
	objects = {

/* Begin PBXBuildFile section */
		710513382A7870D8001E0867 /* NeubrutalismTextField.swift in Sources */ = {isa = PBXBuildFile; fileRef = 710513372A7870D8001E0867 /* NeubrutalismTextField.swift */; };
		7105133A2A7875B8001E0867 /* NeubrutalismButton.swift in Sources */ = {isa = PBXBuildFile; fileRef = 710513392A7875B8001E0867 /* NeubrutalismButton.swift */; };
		710513502A79AA13001E0867 /* TaskViewModel.swift in Sources */ = {isa = PBXBuildFile; fileRef = 7105134F2A79AA13001E0867 /* TaskViewModel.swift */; };
		716E68982A7318B90010E89F /* DailyDoerApp.swift in Sources */ = {isa = PBXBuildFile; fileRef = 716E68972A7318B90010E89F /* DailyDoerApp.swift */; };
		716E689C2A7318BD0010E89F /* Assets.xcassets in Resources */ = {isa = PBXBuildFile; fileRef = 716E689B2A7318BD0010E89F /* Assets.xcassets */; };
		716E689F2A7318BD0010E89F /* Preview Assets.xcassets in Resources */ = {isa = PBXBuildFile; fileRef = 716E689E2A7318BD0010E89F /* Preview Assets.xcassets */; };
		716E68A42A7318BD0010E89F /* DailyDoer.xcdatamodeld in Sources */ = {isa = PBXBuildFile; fileRef = 716E68A22A7318BD0010E89F /* DailyDoer.xcdatamodeld */; };
		716E68B02A731AD60010E89F /* TaskView.swift in Sources */ = {isa = PBXBuildFile; fileRef = 716E68AF2A731AD60010E89F /* TaskView.swift */; };
		716E68B32A731F870010E89F /* Color.swift in Sources */ = {isa = PBXBuildFile; fileRef = 716E68B22A731F870010E89F /* Color.swift */; };
		716E68B62A7324F30010E89F /* NeubrutalismViewModifier.swift in Sources */ = {isa = PBXBuildFile; fileRef = 716E68B52A7324F30010E89F /* NeubrutalismViewModifier.swift */; };
		71A33D742A7D84B300DC92C9 /* FocusField.swift in Sources */ = {isa = PBXBuildFile; fileRef = 71A33D732A7D84B300DC92C9 /* FocusField.swift */; };
		71ACDC302A74576C007CB6D5 /* ScalingPressableButtonStyle.swift in Sources */ = {isa = PBXBuildFile; fileRef = 71ACDC2F2A74576C007CB6D5 /* ScalingPressableButtonStyle.swift */; };
		71ACDC322A75CEE3007CB6D5 /* NeubrutalismPicker.swift in Sources */ = {isa = PBXBuildFile; fileRef = 71ACDC312A75CEE3007CB6D5 /* NeubrutalismPicker.swift */; };
		71ACDC342A75D104007CB6D5 /* TaskTile.swift in Sources */ = {isa = PBXBuildFile; fileRef = 71ACDC332A75D104007CB6D5 /* TaskTile.swift */; };
		71ACDC362A76A643007CB6D5 /* EditTaskView.swift in Sources */ = {isa = PBXBuildFile; fileRef = 71ACDC352A76A643007CB6D5 /* EditTaskView.swift */; };
		71ACDC382A76CA89007CB6D5 /* SaveTaskView.swift in Sources */ = {isa = PBXBuildFile; fileRef = 71ACDC372A76CA89007CB6D5 /* SaveTaskView.swift */; };
		71ACDC3A2A76CAEF007CB6D5 /* FeedbacksView.swift in Sources */ = {isa = PBXBuildFile; fileRef = 71ACDC392A76CAEF007CB6D5 /* FeedbacksView.swift */; };
		71ACDC3C2A76CB9B007CB6D5 /* InformationView.swift in Sources */ = {isa = PBXBuildFile; fileRef = 71ACDC3B2A76CB9B007CB6D5 /* InformationView.swift */; };
/* End PBXBuildFile section */

/* Begin PBXFileReference section */
		710513372A7870D8001E0867 /* NeubrutalismTextField.swift */ = {isa = PBXFileReference; lastKnownFileType = sourcecode.swift; path = NeubrutalismTextField.swift; sourceTree = "<group>"; };
		710513392A7875B8001E0867 /* NeubrutalismButton.swift */ = {isa = PBXFileReference; lastKnownFileType = sourcecode.swift; path = NeubrutalismButton.swift; sourceTree = "<group>"; };
		7105134F2A79AA13001E0867 /* TaskViewModel.swift */ = {isa = PBXFileReference; lastKnownFileType = sourcecode.swift; path = TaskViewModel.swift; sourceTree = "<group>"; };
		716E68942A7318B90010E89F /* DailyDoer.app */ = {isa = PBXFileReference; explicitFileType = wrapper.application; includeInIndex = 0; path = DailyDoer.app; sourceTree = BUILT_PRODUCTS_DIR; };
		716E68972A7318B90010E89F /* DailyDoerApp.swift */ = {isa = PBXFileReference; lastKnownFileType = sourcecode.swift; path = DailyDoerApp.swift; sourceTree = "<group>"; };
		716E689B2A7318BD0010E89F /* Assets.xcassets */ = {isa = PBXFileReference; lastKnownFileType = folder.assetcatalog; path = Assets.xcassets; sourceTree = "<group>"; };
		716E689E2A7318BD0010E89F /* Preview Assets.xcassets */ = {isa = PBXFileReference; lastKnownFileType = folder.assetcatalog; path = "Preview Assets.xcassets"; sourceTree = "<group>"; };
		716E68A32A7318BD0010E89F /* DailyDoer.xcdatamodel */ = {isa = PBXFileReference; lastKnownFileType = wrapper.xcdatamodel; path = DailyDoer.xcdatamodel; sourceTree = "<group>"; };
		716E68AF2A731AD60010E89F /* TaskView.swift */ = {isa = PBXFileReference; lastKnownFileType = sourcecode.swift; path = TaskView.swift; sourceTree = "<group>"; };
		716E68B22A731F870010E89F /* Color.swift */ = {isa = PBXFileReference; lastKnownFileType = sourcecode.swift; path = Color.swift; sourceTree = "<group>"; };
		716E68B52A7324F30010E89F /* NeubrutalismViewModifier.swift */ = {isa = PBXFileReference; lastKnownFileType = sourcecode.swift; path = NeubrutalismViewModifier.swift; sourceTree = "<group>"; };
		71A33D732A7D84B300DC92C9 /* FocusField.swift */ = {isa = PBXFileReference; lastKnownFileType = sourcecode.swift; path = FocusField.swift; sourceTree = "<group>"; };
		71ACDC2F2A74576C007CB6D5 /* ScalingPressableButtonStyle.swift */ = {isa = PBXFileReference; lastKnownFileType = sourcecode.swift; path = ScalingPressableButtonStyle.swift; sourceTree = "<group>"; };
		71ACDC312A75CEE3007CB6D5 /* NeubrutalismPicker.swift */ = {isa = PBXFileReference; lastKnownFileType = sourcecode.swift; path = NeubrutalismPicker.swift; sourceTree = "<group>"; };
		71ACDC332A75D104007CB6D5 /* TaskTile.swift */ = {isa = PBXFileReference; lastKnownFileType = sourcecode.swift; path = TaskTile.swift; sourceTree = "<group>"; };
		71ACDC352A76A643007CB6D5 /* EditTaskView.swift */ = {isa = PBXFileReference; lastKnownFileType = sourcecode.swift; path = EditTaskView.swift; sourceTree = "<group>"; };
		71ACDC372A76CA89007CB6D5 /* SaveTaskView.swift */ = {isa = PBXFileReference; lastKnownFileType = sourcecode.swift; path = SaveTaskView.swift; sourceTree = "<group>"; };
		71ACDC392A76CAEF007CB6D5 /* FeedbacksView.swift */ = {isa = PBXFileReference; lastKnownFileType = sourcecode.swift; path = FeedbacksView.swift; sourceTree = "<group>"; };
		71ACDC3B2A76CB9B007CB6D5 /* InformationView.swift */ = {isa = PBXFileReference; lastKnownFileType = sourcecode.swift; path = InformationView.swift; sourceTree = "<group>"; };
/* End PBXFileReference section */

/* Begin PBXFrameworksBuildPhase section */
		716E68912A7318B90010E89F /* Frameworks */ = {
			isa = PBXFrameworksBuildPhase;
			buildActionMask = 2147483647;
			files = (
			);
			runOnlyForDeploymentPostprocessing = 0;
		};
/* End PBXFrameworksBuildPhase section */

/* Begin PBXGroup section */
		716E688B2A7318B90010E89F = {
			isa = PBXGroup;
			children = (
				716E68962A7318B90010E89F /* DailyDoer */,
				716E68952A7318B90010E89F /* Products */,
			);
			sourceTree = "<group>";
		};
		716E68952A7318B90010E89F /* Products */ = {
			isa = PBXGroup;
			children = (
				716E68942A7318B90010E89F /* DailyDoer.app */,
			);
			name = Products;
			sourceTree = "<group>";
		};
		716E68962A7318B90010E89F /* DailyDoer */ = {
			isa = PBXGroup;
			children = (
				71A33D722A7D849B00DC92C9 /* Utility */,
				716E68B72A73287E0010E89F /* Component */,
				716E68B42A7324E50010E89F /* Style */,
				716E68B12A731F7E0010E89F /* Extension */,
				716E68AE2A7319D70010E89F /* ViewModel */,
				716E68AC2A7319C90010E89F /* View */,
				716E68972A7318B90010E89F /* DailyDoerApp.swift */,
				716E689B2A7318BD0010E89F /* Assets.xcassets */,
				716E68A22A7318BD0010E89F /* DailyDoer.xcdatamodeld */,
				716E689D2A7318BD0010E89F /* Preview Content */,
			);
			path = DailyDoer;
			sourceTree = "<group>";
		};
		716E689D2A7318BD0010E89F /* Preview Content */ = {
			isa = PBXGroup;
			children = (
				716E689E2A7318BD0010E89F /* Preview Assets.xcassets */,
			);
			path = "Preview Content";
			sourceTree = "<group>";
		};
		716E68AC2A7319C90010E89F /* View */ = {
			isa = PBXGroup;
			children = (
				716E68AF2A731AD60010E89F /* TaskView.swift */,
				71ACDC352A76A643007CB6D5 /* EditTaskView.swift */,
				71ACDC372A76CA89007CB6D5 /* SaveTaskView.swift */,
				71ACDC392A76CAEF007CB6D5 /* FeedbacksView.swift */,
				71ACDC3B2A76CB9B007CB6D5 /* InformationView.swift */,
			);
			path = View;
			sourceTree = "<group>";
		};
		716E68AE2A7319D70010E89F /* ViewModel */ = {
			isa = PBXGroup;
			children = (
				7105134F2A79AA13001E0867 /* TaskViewModel.swift */,
			);
			path = ViewModel;
			sourceTree = "<group>";
		};
		716E68B12A731F7E0010E89F /* Extension */ = {
			isa = PBXGroup;
			children = (
				716E68B22A731F870010E89F /* Color.swift */,
			);
			path = Extension;
			sourceTree = "<group>";
		};
		716E68B42A7324E50010E89F /* Style */ = {
			isa = PBXGroup;
			children = (
				716E68B52A7324F30010E89F /* NeubrutalismViewModifier.swift */,
				71ACDC2F2A74576C007CB6D5 /* ScalingPressableButtonStyle.swift */,
			);
			path = Style;
			sourceTree = "<group>";
		};
		716E68B72A73287E0010E89F /* Component */ = {
			isa = PBXGroup;
			children = (
				71ACDC312A75CEE3007CB6D5 /* NeubrutalismPicker.swift */,
				71ACDC332A75D104007CB6D5 /* TaskTile.swift */,
				710513372A7870D8001E0867 /* NeubrutalismTextField.swift */,
				710513392A7875B8001E0867 /* NeubrutalismButton.swift */,
			);
			path = Component;
			sourceTree = "<group>";
		};
		71A33D722A7D849B00DC92C9 /* Utility */ = {
			isa = PBXGroup;
			children = (
				71A33D732A7D84B300DC92C9 /* FocusField.swift */,
			);
			path = Utility;
			sourceTree = "<group>";
		};
/* End PBXGroup section */

/* Begin PBXNativeTarget section */
		716E68932A7318B90010E89F /* DailyDoer */ = {
			isa = PBXNativeTarget;
			buildConfigurationList = 716E68A72A7318BD0010E89F /* Build configuration list for PBXNativeTarget "DailyDoer" */;
			buildPhases = (
				716E68902A7318B90010E89F /* Sources */,
				716E68912A7318B90010E89F /* Frameworks */,
				716E68922A7318B90010E89F /* Resources */,
			);
			buildRules = (
			);
			dependencies = (
			);
			name = DailyDoer;
			productName = DailyDoer;
			productReference = 716E68942A7318B90010E89F /* DailyDoer.app */;
			productType = "com.apple.product-type.application";
		};
/* End PBXNativeTarget section */

/* Begin PBXProject section */
		716E688C2A7318B90010E89F /* Project object */ = {
			isa = PBXProject;
			attributes = {
				BuildIndependentTargetsInParallel = 1;
				LastSwiftUpdateCheck = 1430;
				LastUpgradeCheck = 1430;
				TargetAttributes = {
					716E68932A7318B90010E89F = {
						CreatedOnToolsVersion = 14.3;
					};
				};
			};
			buildConfigurationList = 716E688F2A7318B90010E89F /* Build configuration list for PBXProject "DailyDoer" */;
			compatibilityVersion = "Xcode 14.0";
			developmentRegion = en;
			hasScannedForEncodings = 0;
			knownRegions = (
				en,
				Base,
			);
			mainGroup = 716E688B2A7318B90010E89F;
			productRefGroup = 716E68952A7318B90010E89F /* Products */;
			projectDirPath = "";
			projectRoot = "";
			targets = (
				716E68932A7318B90010E89F /* DailyDoer */,
			);
		};
/* End PBXProject section */

/* Begin PBXResourcesBuildPhase section */
		716E68922A7318B90010E89F /* Resources */ = {
			isa = PBXResourcesBuildPhase;
			buildActionMask = 2147483647;
			files = (
				716E689F2A7318BD0010E89F /* Preview Assets.xcassets in Resources */,
				716E689C2A7318BD0010E89F /* Assets.xcassets in Resources */,
			);
			runOnlyForDeploymentPostprocessing = 0;
		};
/* End PBXResourcesBuildPhase section */

/* Begin PBXSourcesBuildPhase section */
		716E68902A7318B90010E89F /* Sources */ = {
			isa = PBXSourcesBuildPhase;
			buildActionMask = 2147483647;
			files = (
				71ACDC302A74576C007CB6D5 /* ScalingPressableButtonStyle.swift in Sources */,
				71ACDC382A76CA89007CB6D5 /* SaveTaskView.swift in Sources */,
				710513382A7870D8001E0867 /* NeubrutalismTextField.swift in Sources */,
				716E68982A7318B90010E89F /* DailyDoerApp.swift in Sources */,
				71ACDC322A75CEE3007CB6D5 /* NeubrutalismPicker.swift in Sources */,
				716E68B02A731AD60010E89F /* TaskView.swift in Sources */,
				71ACDC3C2A76CB9B007CB6D5 /* InformationView.swift in Sources */,
				71ACDC342A75D104007CB6D5 /* TaskTile.swift in Sources */,
				7105133A2A7875B8001E0867 /* NeubrutalismButton.swift in Sources */,
				71ACDC362A76A643007CB6D5 /* EditTaskView.swift in Sources */,
				716E68B62A7324F30010E89F /* NeubrutalismViewModifier.swift in Sources */,
				716E68A42A7318BD0010E89F /* DailyDoer.xcdatamodeld in Sources */,
				71ACDC3A2A76CAEF007CB6D5 /* FeedbacksView.swift in Sources */,
				716E68B32A731F870010E89F /* Color.swift in Sources */,
				710513502A79AA13001E0867 /* TaskViewModel.swift in Sources */,
				71A33D742A7D84B300DC92C9 /* FocusField.swift in Sources */,
			);
			runOnlyForDeploymentPostprocessing = 0;
		};
/* End PBXSourcesBuildPhase section */

/* Begin XCBuildConfiguration section */
		716E68A52A7318BD0010E89F /* Debug */ = {
			isa = XCBuildConfiguration;
			buildSettings = {
				ALWAYS_SEARCH_USER_PATHS = NO;
				CLANG_ANALYZER_NONNULL = YES;
				CLANG_ANALYZER_NUMBER_OBJECT_CONVERSION = YES_AGGRESSIVE;
				CLANG_CXX_LANGUAGE_STANDARD = "gnu++20";
				CLANG_ENABLE_MODULES = YES;
				CLANG_ENABLE_OBJC_ARC = YES;
				CLANG_ENABLE_OBJC_WEAK = YES;
				CLANG_WARN_BLOCK_CAPTURE_AUTORELEASING = YES;
				CLANG_WARN_BOOL_CONVERSION = YES;
				CLANG_WARN_COMMA = YES;
				CLANG_WARN_CONSTANT_CONVERSION = YES;
				CLANG_WARN_DEPRECATED_OBJC_IMPLEMENTATIONS = YES;
				CLANG_WARN_DIRECT_OBJC_ISA_USAGE = YES_ERROR;
				CLANG_WARN_DOCUMENTATION_COMMENTS = YES;
				CLANG_WARN_EMPTY_BODY = YES;
				CLANG_WARN_ENUM_CONVERSION = YES;
				CLANG_WARN_INFINITE_RECURSION = YES;
				CLANG_WARN_INT_CONVERSION = YES;
				CLANG_WARN_NON_LITERAL_NULL_CONVERSION = YES;
				CLANG_WARN_OBJC_IMPLICIT_RETAIN_SELF = YES;
				CLANG_WARN_OBJC_LITERAL_CONVERSION = YES;
				CLANG_WARN_OBJC_ROOT_CLASS = YES_ERROR;
				CLANG_WARN_QUOTED_INCLUDE_IN_FRAMEWORK_HEADER = YES;
				CLANG_WARN_RANGE_LOOP_ANALYSIS = YES;
				CLANG_WARN_STRICT_PROTOTYPES = YES;
				CLANG_WARN_SUSPICIOUS_MOVE = YES;
				CLANG_WARN_UNGUARDED_AVAILABILITY = YES_AGGRESSIVE;
				CLANG_WARN_UNREACHABLE_CODE = YES;
				CLANG_WARN__DUPLICATE_METHOD_MATCH = YES;
				COPY_PHASE_STRIP = NO;
				DEBUG_INFORMATION_FORMAT = dwarf;
				ENABLE_STRICT_OBJC_MSGSEND = YES;
				ENABLE_TESTABILITY = YES;
				GCC_C_LANGUAGE_STANDARD = gnu11;
				GCC_DYNAMIC_NO_PIC = NO;
				GCC_NO_COMMON_BLOCKS = YES;
				GCC_OPTIMIZATION_LEVEL = 0;
				GCC_PREPROCESSOR_DEFINITIONS = (
					"DEBUG=1",
					"$(inherited)",
				);
				GCC_WARN_64_TO_32_BIT_CONVERSION = YES;
				GCC_WARN_ABOUT_RETURN_TYPE = YES_ERROR;
				GCC_WARN_UNDECLARED_SELECTOR = YES;
				GCC_WARN_UNINITIALIZED_AUTOS = YES_AGGRESSIVE;
				GCC_WARN_UNUSED_FUNCTION = YES;
				GCC_WARN_UNUSED_VARIABLE = YES;
				IPHONEOS_DEPLOYMENT_TARGET = 16.4;
				MTL_ENABLE_DEBUG_INFO = INCLUDE_SOURCE;
				MTL_FAST_MATH = YES;
				ONLY_ACTIVE_ARCH = YES;
				SDKROOT = iphoneos;
				SWIFT_ACTIVE_COMPILATION_CONDITIONS = DEBUG;
				SWIFT_OPTIMIZATION_LEVEL = "-Onone";
			};
			name = Debug;
		};
		716E68A62A7318BD0010E89F /* Release */ = {
			isa = XCBuildConfiguration;
			buildSettings = {
				ALWAYS_SEARCH_USER_PATHS = NO;
				CLANG_ANALYZER_NONNULL = YES;
				CLANG_ANALYZER_NUMBER_OBJECT_CONVERSION = YES_AGGRESSIVE;
				CLANG_CXX_LANGUAGE_STANDARD = "gnu++20";
				CLANG_ENABLE_MODULES = YES;
				CLANG_ENABLE_OBJC_ARC = YES;
				CLANG_ENABLE_OBJC_WEAK = YES;
				CLANG_WARN_BLOCK_CAPTURE_AUTORELEASING = YES;
				CLANG_WARN_BOOL_CONVERSION = YES;
				CLANG_WARN_COMMA = YES;
				CLANG_WARN_CONSTANT_CONVERSION = YES;
				CLANG_WARN_DEPRECATED_OBJC_IMPLEMENTATIONS = YES;
				CLANG_WARN_DIRECT_OBJC_ISA_USAGE = YES_ERROR;
				CLANG_WARN_DOCUMENTATION_COMMENTS = YES;
				CLANG_WARN_EMPTY_BODY = YES;
				CLANG_WARN_ENUM_CONVERSION = YES;
				CLANG_WARN_INFINITE_RECURSION = YES;
				CLANG_WARN_INT_CONVERSION = YES;
				CLANG_WARN_NON_LITERAL_NULL_CONVERSION = YES;
				CLANG_WARN_OBJC_IMPLICIT_RETAIN_SELF = YES;
				CLANG_WARN_OBJC_LITERAL_CONVERSION = YES;
				CLANG_WARN_OBJC_ROOT_CLASS = YES_ERROR;
				CLANG_WARN_QUOTED_INCLUDE_IN_FRAMEWORK_HEADER = YES;
				CLANG_WARN_RANGE_LOOP_ANALYSIS = YES;
				CLANG_WARN_STRICT_PROTOTYPES = YES;
				CLANG_WARN_SUSPICIOUS_MOVE = YES;
				CLANG_WARN_UNGUARDED_AVAILABILITY = YES_AGGRESSIVE;
				CLANG_WARN_UNREACHABLE_CODE = YES;
				CLANG_WARN__DUPLICATE_METHOD_MATCH = YES;
				COPY_PHASE_STRIP = NO;
				DEBUG_INFORMATION_FORMAT = "dwarf-with-dsym";
				ENABLE_NS_ASSERTIONS = NO;
				ENABLE_STRICT_OBJC_MSGSEND = YES;
				GCC_C_LANGUAGE_STANDARD = gnu11;
				GCC_NO_COMMON_BLOCKS = YES;
				GCC_WARN_64_TO_32_BIT_CONVERSION = YES;
				GCC_WARN_ABOUT_RETURN_TYPE = YES_ERROR;
				GCC_WARN_UNDECLARED_SELECTOR = YES;
				GCC_WARN_UNINITIALIZED_AUTOS = YES_AGGRESSIVE;
				GCC_WARN_UNUSED_FUNCTION = YES;
				GCC_WARN_UNUSED_VARIABLE = YES;
				IPHONEOS_DEPLOYMENT_TARGET = 16.4;
				MTL_ENABLE_DEBUG_INFO = NO;
				MTL_FAST_MATH = YES;
				SDKROOT = iphoneos;
				SWIFT_COMPILATION_MODE = wholemodule;
				SWIFT_OPTIMIZATION_LEVEL = "-O";
				VALIDATE_PRODUCT = YES;
			};
			name = Release;
		};
		716E68A82A7318BD0010E89F /* Debug */ = {
			isa = XCBuildConfiguration;
			buildSettings = {
				ASSETCATALOG_COMPILER_APPICON_NAME = AppIcon;
				ASSETCATALOG_COMPILER_GLOBAL_ACCENT_COLOR_NAME = AccentColor;
				CODE_SIGN_STYLE = Automatic;
				CURRENT_PROJECT_VERSION = 1;
				DEVELOPMENT_ASSET_PATHS = "\"DailyDoer/Preview Content\"";
				DEVELOPMENT_TEAM = 89BV38HZUZ;
				ENABLE_PREVIEWS = YES;
				GENERATE_INFOPLIST_FILE = YES;
				INFOPLIST_KEY_UIApplicationSceneManifest_Generation = YES;
				INFOPLIST_KEY_UIApplicationSupportsIndirectInputEvents = YES;
				INFOPLIST_KEY_UILaunchScreen_Generation = YES;
				INFOPLIST_KEY_UISupportedInterfaceOrientations_iPad = "UIInterfaceOrientationPortrait UIInterfaceOrientationPortraitUpsideDown UIInterfaceOrientationLandscapeLeft UIInterfaceOrientationLandscapeRight";
				INFOPLIST_KEY_UISupportedInterfaceOrientations_iPhone = "UIInterfaceOrientationPortrait UIInterfaceOrientationLandscapeLeft UIInterfaceOrientationLandscapeRight";
				LD_RUNPATH_SEARCH_PATHS = (
					"$(inherited)",
					"@executable_path/Frameworks",
				);
				MARKETING_VERSION = 1.0;
				PRODUCT_BUNDLE_IDENTIFIER = com.kimleng.DailyDoer;
				PRODUCT_NAME = "$(TARGET_NAME)";
				SWIFT_EMIT_LOC_STRINGS = YES;
				SWIFT_VERSION = 5.0;
				TARGETED_DEVICE_FAMILY = "1,2";
			};
			name = Debug;
		};
		716E68A92A7318BD0010E89F /* Release */ = {
			isa = XCBuildConfiguration;
			buildSettings = {
				ASSETCATALOG_COMPILER_APPICON_NAME = AppIcon;
				ASSETCATALOG_COMPILER_GLOBAL_ACCENT_COLOR_NAME = AccentColor;
				CODE_SIGN_STYLE = Automatic;
				CURRENT_PROJECT_VERSION = 1;
				DEVELOPMENT_ASSET_PATHS = "\"DailyDoer/Preview Content\"";
				DEVELOPMENT_TEAM = 89BV38HZUZ;
				ENABLE_PREVIEWS = YES;
				GENERATE_INFOPLIST_FILE = YES;
				INFOPLIST_KEY_UIApplicationSceneManifest_Generation = YES;
				INFOPLIST_KEY_UIApplicationSupportsIndirectInputEvents = YES;
				INFOPLIST_KEY_UILaunchScreen_Generation = YES;
				INFOPLIST_KEY_UISupportedInterfaceOrientations_iPad = "UIInterfaceOrientationPortrait UIInterfaceOrientationPortraitUpsideDown UIInterfaceOrientationLandscapeLeft UIInterfaceOrientationLandscapeRight";
				INFOPLIST_KEY_UISupportedInterfaceOrientations_iPhone = "UIInterfaceOrientationPortrait UIInterfaceOrientationLandscapeLeft UIInterfaceOrientationLandscapeRight";
				LD_RUNPATH_SEARCH_PATHS = (
					"$(inherited)",
					"@executable_path/Frameworks",
				);
				MARKETING_VERSION = 1.0;
				PRODUCT_BUNDLE_IDENTIFIER = com.kimleng.DailyDoer;
				PRODUCT_NAME = "$(TARGET_NAME)";
				SWIFT_EMIT_LOC_STRINGS = YES;
				SWIFT_VERSION = 5.0;
				TARGETED_DEVICE_FAMILY = "1,2";
			};
			name = Release;
		};
/* End XCBuildConfiguration section */

/* Begin XCConfigurationList section */
		716E688F2A7318B90010E89F /* Build configuration list for PBXProject "DailyDoer" */ = {
			isa = XCConfigurationList;
			buildConfigurations = (
				716E68A52A7318BD0010E89F /* Debug */,
				716E68A62A7318BD0010E89F /* Release */,
			);
			defaultConfigurationIsVisible = 0;
			defaultConfigurationName = Release;
		};
		716E68A72A7318BD0010E89F /* Build configuration list for PBXNativeTarget "DailyDoer" */ = {
			isa = XCConfigurationList;
			buildConfigurations = (
				716E68A82A7318BD0010E89F /* Debug */,
				716E68A92A7318BD0010E89F /* Release */,
			);
			defaultConfigurationIsVisible = 0;
			defaultConfigurationName = Release;
		};
/* End XCConfigurationList section */

/* Begin XCVersionGroup section */
		716E68A22A7318BD0010E89F /* DailyDoer.xcdatamodeld */ = {
			isa = XCVersionGroup;
			children = (
				716E68A32A7318BD0010E89F /* DailyDoer.xcdatamodel */,
			);
			currentVersion = 716E68A32A7318BD0010E89F /* DailyDoer.xcdatamodel */;
			path = DailyDoer.xcdatamodeld;
			sourceTree = "<group>";
			versionGroupType = wrapper.xcdatamodel;
		};
/* End XCVersionGroup section */
	};
	rootObject = 716E688C2A7318B90010E89F /* Project object */;
}
